
Microsoft Visual Studio Solution File, Format Version 12.00
# Visual Studio Version 16
VisualStudioVersion = 16.0.31911.196
MinimumVisualStudioVersion = 10.0.40219.1
Project("{FAE04EC0-301F-11D3-BF4B-00C04F79EFBC}") = "Prueba TAG con Theme", "Prueba TAG con Theme\Prueba TAG con Theme.csproj", "{A063C7DB-AA30-42EE-85FD-5635CA7AC3B1}"
EndProject
Global
	GlobalSection(SolutionConfigurationPlatforms) = preSolution
		Debug|Any CPU = Debug|Any CPU
		Release|Any CPU = Release|Any CPU
	EndGlobalSection
	GlobalSection(ProjectConfigurationPlatforms) = postSolution
		{A063C7DB-AA30-42EE-85FD-5635CA7AC3B1}.Debug|Any CPU.ActiveCfg = Debug|Any CPU
		{A063C7DB-AA30-42EE-85FD-5635CA7AC3B1}.Debug|Any CPU.Build.0 = Debug|Any CPU
		{A063C7DB-AA30-42EE-85FD-5635CA7AC3B1}.Release|Any CPU.ActiveCfg = Release|Any CPU
		{A063C7DB-AA30-42EE-85FD-5635CA7AC3B1}.Release|Any CPU.Build.0 = Release|Any CPU
	EndGlobalSection
	GlobalSection(SolutionProperties) = preSolution
		HideSolutionNode = FALSE
	EndGlobalSection
	GlobalSection(ExtensibilityGlobals) = postSolution
		SolutionGuid = {8830143E-D589-4F16-BE5A-812B0372639B}
	EndGlobalSection
EndGlobal
